// !$*UTF8*$!
{
	archiveVersion = 1;
	classes = {
	};
	objectVersion = 56;
	objects = {

/* Begin PBXBuildFile section */
		AC4EB12528E19DA500D378D4 /* PlacesonMapFromJsonApp.swift in Sources */ = {isa = PBXBuildFile; fileRef = AC4EB12428E19DA500D378D4 /* PlacesonMapFromJsonApp.swift */; };
		AC4EB12728E19DA500D378D4 /* ContentView.swift in Sources */ = {isa = PBXBuildFile; fileRef = AC4EB12628E19DA500D378D4 /* ContentView.swift */; };
		AC4EB12928E19DA600D378D4 /* Assets.xcassets in Resources */ = {isa = PBXBuildFile; fileRef = AC4EB12828E19DA600D378D4 /* Assets.xcassets */; };
		AC4EB12C28E19DA600D378D4 /* Preview Assets.xcassets in Resources */ = {isa = PBXBuildFile; fileRef = AC4EB12B28E19DA600D378D4 /* Preview Assets.xcassets */; };
		AC4EB13628E19DA700D378D4 /* PlacesonMapFromJsonTests.swift in Sources */ = {isa = PBXBuildFile; fileRef = AC4EB13528E19DA700D378D4 /* PlacesonMapFromJsonTests.swift */; };
		AC4EB14028E19DA700D378D4 /* PlacesonMapFromJsonUITests.swift in Sources */ = {isa = PBXBuildFile; fileRef = AC4EB13F28E19DA700D378D4 /* PlacesonMapFromJsonUITests.swift */; };
		AC4EB14228E19DA700D378D4 /* PlacesonMapFromJsonUITestsLaunchTests.swift in Sources */ = {isa = PBXBuildFile; fileRef = AC4EB14128E19DA700D378D4 /* PlacesonMapFromJsonUITestsLaunchTests.swift */; };
		AC4EB15128E19F2400D378D4 /* JsonMananger.swift in Sources */ = {isa = PBXBuildFile; fileRef = AC4EB15028E19F2400D378D4 /* JsonMananger.swift */; };
		AC4EB15328E1AE4B00D378D4 /* places.json in Resources */ = {isa = PBXBuildFile; fileRef = AC4EB15228E1AE4B00D378D4 /* places.json */; };
		AC4EB15928E1D98300D378D4 /* DetailView.swift in Sources */ = {isa = PBXBuildFile; fileRef = AC4EB15828E1D98300D378D4 /* DetailView.swift */; };
		AC4EB15B28E1E81E00D378D4 /* ListView.swift in Sources */ = {isa = PBXBuildFile; fileRef = AC4EB15A28E1E81E00D378D4 /* ListView.swift */; };
		AC4EB15D28E1ED2F00D378D4 /* PickerView.swift in Sources */ = {isa = PBXBuildFile; fileRef = AC4EB15C28E1ED2F00D378D4 /* PickerView.swift */; };
/* End PBXBuildFile section */

/* Begin PBXContainerItemProxy section */
		AC4EB13228E19DA700D378D4 /* PBXContainerItemProxy */ = {
			isa = PBXContainerItemProxy;
			containerPortal = AC4EB11928E19DA500D378D4 /* Project object */;
			proxyType = 1;
			remoteGlobalIDString = AC4EB12028E19DA500D378D4;
			remoteInfo = PlacesonMapFromJson;
		};
		AC4EB13C28E19DA700D378D4 /* PBXContainerItemProxy */ = {
			isa = PBXContainerItemProxy;
			containerPortal = AC4EB11928E19DA500D378D4 /* Project object */;
			proxyType = 1;
			remoteGlobalIDString = AC4EB12028E19DA500D378D4;
			remoteInfo = PlacesonMapFromJson;
		};
/* End PBXContainerItemProxy section */

/* Begin PBXFileReference section */
		AC4EB12128E19DA500D378D4 /* PlacesonMapFromJson.app */ = {isa = PBXFileReference; explicitFileType = wrapper.application; includeInIndex = 0; path = PlacesonMapFromJson.app; sourceTree = BUILT_PRODUCTS_DIR; };
		AC4EB12428E19DA500D378D4 /* PlacesonMapFromJsonApp.swift */ = {isa = PBXFileReference; lastKnownFileType = sourcecode.swift; path = PlacesonMapFromJsonApp.swift; sourceTree = "<group>"; };
		AC4EB12628E19DA500D378D4 /* ContentView.swift */ = {isa = PBXFileReference; lastKnownFileType = sourcecode.swift; path = ContentView.swift; sourceTree = "<group>"; };
		AC4EB12828E19DA600D378D4 /* Assets.xcassets */ = {isa = PBXFileReference; lastKnownFileType = folder.assetcatalog; path = Assets.xcassets; sourceTree = "<group>"; };
		AC4EB12B28E19DA600D378D4 /* Preview Assets.xcassets */ = {isa = PBXFileReference; lastKnownFileType = folder.assetcatalog; path = "Preview Assets.xcassets"; sourceTree = "<group>"; };
		AC4EB13128E19DA700D378D4 /* PlacesonMapFromJsonTests.xctest */ = {isa = PBXFileReference; explicitFileType = wrapper.cfbundle; includeInIndex = 0; path = PlacesonMapFromJsonTests.xctest; sourceTree = BUILT_PRODUCTS_DIR; };
		AC4EB13528E19DA700D378D4 /* PlacesonMapFromJsonTests.swift */ = {isa = PBXFileReference; lastKnownFileType = sourcecode.swift; path = PlacesonMapFromJsonTests.swift; sourceTree = "<group>"; };
		AC4EB13B28E19DA700D378D4 /* PlacesonMapFromJsonUITests.xctest */ = {isa = PBXFileReference; explicitFileType = wrapper.cfbundle; includeInIndex = 0; path = PlacesonMapFromJsonUITests.xctest; sourceTree = BUILT_PRODUCTS_DIR; };
		AC4EB13F28E19DA700D378D4 /* PlacesonMapFromJsonUITests.swift */ = {isa = PBXFileReference; lastKnownFileType = sourcecode.swift; path = PlacesonMapFromJsonUITests.swift; sourceTree = "<group>"; };
		AC4EB14128E19DA700D378D4 /* PlacesonMapFromJsonUITestsLaunchTests.swift */ = {isa = PBXFileReference; lastKnownFileType = sourcecode.swift; path = PlacesonMapFromJsonUITestsLaunchTests.swift; sourceTree = "<group>"; };
		AC4EB15028E19F2400D378D4 /* JsonMananger.swift */ = {isa = PBXFileReference; lastKnownFileType = sourcecode.swift; path = JsonMananger.swift; sourceTree = "<group>"; };
		AC4EB15228E1AE4B00D378D4 /* places.json */ = {isa = PBXFileReference; fileEncoding = 4; lastKnownFileType = text.json; name = places.json; path = ../../../places.json; sourceTree = "<group>"; };
		AC4EB15828E1D98300D378D4 /* DetailView.swift */ = {isa = PBXFileReference; fileEncoding = 4; lastKnownFileType = sourcecode.swift; name = DetailView.swift; path = ../../../.Trash/DetailView.swift; sourceTree = "<group>"; };
		AC4EB15A28E1E81E00D378D4 /* ListView.swift */ = {isa = PBXFileReference; lastKnownFileType = sourcecode.swift; path = ListView.swift; sourceTree = "<group>"; };
		AC4EB15C28E1ED2F00D378D4 /* PickerView.swift */ = {isa = PBXFileReference; lastKnownFileType = sourcecode.swift; path = PickerView.swift; sourceTree = "<group>"; };
/* End PBXFileReference section */

/* Begin PBXFrameworksBuildPhase section */
		AC4EB11E28E19DA500D378D4 /* Frameworks */ = {
			isa = PBXFrameworksBuildPhase;
			buildActionMask = 2147483647;
			files = (
			);
			runOnlyForDeploymentPostprocessing = 0;
		};
		AC4EB12E28E19DA700D378D4 /* Frameworks */ = {
			isa = PBXFrameworksBuildPhase;
			buildActionMask = 2147483647;
			files = (
			);
			runOnlyForDeploymentPostprocessing = 0;
		};
		AC4EB13828E19DA700D378D4 /* Frameworks */ = {
			isa = PBXFrameworksBuildPhase;
			buildActionMask = 2147483647;
			files = (
			);
			runOnlyForDeploymentPostprocessing = 0;
		};
/* End PBXFrameworksBuildPhase section */

/* Begin PBXGroup section */
		AC4EB11828E19DA500D378D4 = {
			isa = PBXGroup;
			children = (
				AC4EB12328E19DA500D378D4 /* PlacesonMapFromJson */,
				AC4EB13428E19DA700D378D4 /* PlacesonMapFromJsonTests */,
				AC4EB13E28E19DA700D378D4 /* PlacesonMapFromJsonUITests */,
				AC4EB12228E19DA500D378D4 /* Products */,
			);
			sourceTree = "<group>";
		};
		AC4EB12228E19DA500D378D4 /* Products */ = {
			isa = PBXGroup;
			children = (
				AC4EB12128E19DA500D378D4 /* PlacesonMapFromJson.app */,
				AC4EB13128E19DA700D378D4 /* PlacesonMapFromJsonTests.xctest */,
				AC4EB13B28E19DA700D378D4 /* PlacesonMapFromJsonUITests.xctest */,
			);
			name = Products;
			sourceTree = "<group>";
		};
		AC4EB12328E19DA500D378D4 /* PlacesonMapFromJson */ = {
			isa = PBXGroup;
			children = (
				AC4EB12428E19DA500D378D4 /* PlacesonMapFromJsonApp.swift */,
				AC4EB12628E19DA500D378D4 /* ContentView.swift */,
				AC4EB15A28E1E81E00D378D4 /* ListView.swift */,
				AC4EB15C28E1ED2F00D378D4 /* PickerView.swift */,
				AC4EB15828E1D98300D378D4 /* DetailView.swift */,
				AC4EB15028E19F2400D378D4 /* JsonMananger.swift */,
				AC4EB12828E19DA600D378D4 /* Assets.xcassets */,
				AC4EB12A28E19DA600D378D4 /* Preview Content */,
			);
			path = PlacesonMapFromJson;
			sourceTree = "<group>";
		};
		AC4EB12A28E19DA600D378D4 /* Preview Content */ = {
			isa = PBXGroup;
			children = (
				AC4EB15228E1AE4B00D378D4 /* places.json */,
				AC4EB12B28E19DA600D378D4 /* Preview Assets.xcassets */,
			);
			path = "Preview Content";
			sourceTree = "<group>";
		};
		AC4EB13428E19DA700D378D4 /* PlacesonMapFromJsonTests */ = {
			isa = PBXGroup;
			children = (
				AC4EB13528E19DA700D378D4 /* PlacesonMapFromJsonTests.swift */,
			);
			path = PlacesonMapFromJsonTests;
			sourceTree = "<group>";
		};
		AC4EB13E28E19DA700D378D4 /* PlacesonMapFromJsonUITests */ = {
			isa = PBXGroup;
			children = (
				AC4EB13F28E19DA700D378D4 /* PlacesonMapFromJsonUITests.swift */,
				AC4EB14128E19DA700D378D4 /* PlacesonMapFromJsonUITestsLaunchTests.swift */,
			);
			path = PlacesonMapFromJsonUITests;
			sourceTree = "<group>";
		};
/* End PBXGroup section */

/* Begin PBXNativeTarget section */
		AC4EB12028E19DA500D378D4 /* PlacesonMapFromJson */ = {
			isa = PBXNativeTarget;
			buildConfigurationList = AC4EB14528E19DA700D378D4 /* Build configuration list for PBXNativeTarget "PlacesonMapFromJson" */;
			buildPhases = (
				AC4EB11D28E19DA500D378D4 /* Sources */,
				AC4EB11E28E19DA500D378D4 /* Frameworks */,
				AC4EB11F28E19DA500D378D4 /* Resources */,
			);
			buildRules = (
			);
			dependencies = (
			);
			name = PlacesonMapFromJson;
			productName = PlacesonMapFromJson;
			productReference = AC4EB12128E19DA500D378D4 /* PlacesonMapFromJson.app */;
			productType = "com.apple.product-type.application";
		};
		AC4EB13028E19DA700D378D4 /* PlacesonMapFromJsonTests */ = {
			isa = PBXNativeTarget;
			buildConfigurationList = AC4EB14828E19DA700D378D4 /* Build configuration list for PBXNativeTarget "PlacesonMapFromJsonTests" */;
			buildPhases = (
				AC4EB12D28E19DA700D378D4 /* Sources */,
				AC4EB12E28E19DA700D378D4 /* Frameworks */,
				AC4EB12F28E19DA700D378D4 /* Resources */,
			);
			buildRules = (
			);
			dependencies = (
				AC4EB13328E19DA700D378D4 /* PBXTargetDependency */,
			);
			name = PlacesonMapFromJsonTests;
			productName = PlacesonMapFromJsonTests;
			productReference = AC4EB13128E19DA700D378D4 /* PlacesonMapFromJsonTests.xctest */;
			productType = "com.apple.product-type.bundle.unit-test";
		};
		AC4EB13A28E19DA700D378D4 /* PlacesonMapFromJsonUITests */ = {
			isa = PBXNativeTarget;
			buildConfigurationList = AC4EB14B28E19DA700D378D4 /* Build configuration list for PBXNativeTarget "PlacesonMapFromJsonUITests" */;
			buildPhases = (
				AC4EB13728E19DA700D378D4 /* Sources */,
				AC4EB13828E19DA700D378D4 /* Frameworks */,
				AC4EB13928E19DA700D378D4 /* Resources */,
			);
			buildRules = (
			);
			dependencies = (
				AC4EB13D28E19DA700D378D4 /* PBXTargetDependency */,
			);
			name = PlacesonMapFromJsonUITests;
			productName = PlacesonMapFromJsonUITests;
			productReference = AC4EB13B28E19DA700D378D4 /* PlacesonMapFromJsonUITests.xctest */;
			productType = "com.apple.product-type.bundle.ui-testing";
		};
/* End PBXNativeTarget section */

/* Begin PBXProject section */
		AC4EB11928E19DA500D378D4 /* Project object */ = {
			isa = PBXProject;
			attributes = {
				BuildIndependentTargetsInParallel = 1;
				LastSwiftUpdateCheck = 1400;
				LastUpgradeCheck = 1400;
				TargetAttributes = {
					AC4EB12028E19DA500D378D4 = {
						CreatedOnToolsVersion = 14.0;
					};
					AC4EB13028E19DA700D378D4 = {
						CreatedOnToolsVersion = 14.0;
						TestTargetID = AC4EB12028E19DA500D378D4;
					};
					AC4EB13A28E19DA700D378D4 = {
						CreatedOnToolsVersion = 14.0;
						TestTargetID = AC4EB12028E19DA500D378D4;
					};
				};
			};
			buildConfigurationList = AC4EB11C28E19DA500D378D4 /* Build configuration list for PBXProject "PlacesonMapFromJson" */;
			compatibilityVersion = "Xcode 14.0";
			developmentRegion = en;
			hasScannedForEncodings = 0;
			knownRegions = (
				en,
				Base,
			);
			mainGroup = AC4EB11828E19DA500D378D4;
			productRefGroup = AC4EB12228E19DA500D378D4 /* Products */;
			projectDirPath = "";
			projectRoot = "";
			targets = (
				AC4EB12028E19DA500D378D4 /* PlacesonMapFromJson */,
				AC4EB13028E19DA700D378D4 /* PlacesonMapFromJsonTests */,
				AC4EB13A28E19DA700D378D4 /* PlacesonMapFromJsonUITests */,
			);
		};
/* End PBXProject section */

/* Begin PBXResourcesBuildPhase section */
		AC4EB11F28E19DA500D378D4 /* Resources */ = {
			isa = PBXResourcesBuildPhase;
			buildActionMask = 2147483647;
			files = (
				AC4EB15328E1AE4B00D378D4 /* places.json in Resources */,
				AC4EB12C28E19DA600D378D4 /* Preview Assets.xcassets in Resources */,
				AC4EB12928E19DA600D378D4 /* Assets.xcassets in Resources */,
			);
			runOnlyForDeploymentPostprocessing = 0;
		};
		AC4EB12F28E19DA700D378D4 /* Resources */ = {
			isa = PBXResourcesBuildPhase;
			buildActionMask = 2147483647;
			files = (
			);
			runOnlyForDeploymentPostprocessing = 0;
		};
		AC4EB13928E19DA700D378D4 /* Resources */ = {
			isa = PBXResourcesBuildPhase;
			buildActionMask = 2147483647;
			files = (
			);
			runOnlyForDeploymentPostprocessing = 0;
		};
/* End PBXResourcesBuildPhase section */

/* Begin PBXSourcesBuildPhase section */
		AC4EB11D28E19DA500D378D4 /* Sources */ = {
			isa = PBXSourcesBuildPhase;
			buildActionMask = 2147483647;
			files = (
				AC4EB15128E19F2400D378D4 /* JsonMananger.swift in Sources */,
				AC4EB15928E1D98300D378D4 /* DetailView.swift in Sources */,
				AC4EB15D28E1ED2F00D378D4 /* PickerView.swift in Sources */,
				AC4EB15B28E1E81E00D378D4 /* ListView.swift in Sources */,
				AC4EB12728E19DA500D378D4 /* ContentView.swift in Sources */,
				AC4EB12528E19DA500D378D4 /* PlacesonMapFromJsonApp.swift in Sources */,
			);
			runOnlyForDeploymentPostprocessing = 0;
		};
		AC4EB12D28E19DA700D378D4 /* Sources */ = {
			isa = PBXSourcesBuildPhase;
			buildActionMask = 2147483647;
			files = (
				AC4EB13628E19DA700D378D4 /* PlacesonMapFromJsonTests.swift in Sources */,
			);
			runOnlyForDeploymentPostprocessing = 0;
		};
		AC4EB13728E19DA700D378D4 /* Sources */ = {
			isa = PBXSourcesBuildPhase;
			buildActionMask = 2147483647;
			files = (
				AC4EB14228E19DA700D378D4 /* PlacesonMapFromJsonUITestsLaunchTests.swift in Sources */,
				AC4EB14028E19DA700D378D4 /* PlacesonMapFromJsonUITests.swift in Sources */,
			);
			runOnlyForDeploymentPostprocessing = 0;
		};
/* End PBXSourcesBuildPhase section */

/* Begin PBXTargetDependency section */
		AC4EB13328E19DA700D378D4 /* PBXTargetDependency */ = {
			isa = PBXTargetDependency;
			target = AC4EB12028E19DA500D378D4 /* PlacesonMapFromJson */;
			targetProxy = AC4EB13228E19DA700D378D4 /* PBXContainerItemProxy */;
		};
		AC4EB13D28E19DA700D378D4 /* PBXTargetDependency */ = {
			isa = PBXTargetDependency;
			target = AC4EB12028E19DA500D378D4 /* PlacesonMapFromJson */;
			targetProxy = AC4EB13C28E19DA700D378D4 /* PBXContainerItemProxy */;
		};
/* End PBXTargetDependency section */

/* Begin XCBuildConfiguration section */
		AC4EB14328E19DA700D378D4 /* Debug */ = {
			isa = XCBuildConfiguration;
			buildSettings = {
				ALWAYS_SEARCH_USER_PATHS = NO;
				CLANG_ANALYZER_NONNULL = YES;
				CLANG_ANALYZER_NUMBER_OBJECT_CONVERSION = YES_AGGRESSIVE;
				CLANG_CXX_LANGUAGE_STANDARD = "gnu++20";
				CLANG_ENABLE_MODULES = YES;
				CLANG_ENABLE_OBJC_ARC = YES;
				CLANG_ENABLE_OBJC_WEAK = YES;
				CLANG_WARN_BLOCK_CAPTURE_AUTORELEASING = YES;
				CLANG_WARN_BOOL_CONVERSION = YES;
				CLANG_WARN_COMMA = YES;
				CLANG_WARN_CONSTANT_CONVERSION = YES;
				CLANG_WARN_DEPRECATED_OBJC_IMPLEMENTATIONS = YES;
				CLANG_WARN_DIRECT_OBJC_ISA_USAGE = YES_ERROR;
				CLANG_WARN_DOCUMENTATION_COMMENTS = YES;
				CLANG_WARN_EMPTY_BODY = YES;
				CLANG_WARN_ENUM_CONVERSION = YES;
				CLANG_WARN_INFINITE_RECURSION = YES;
				CLANG_WARN_INT_CONVERSION = YES;
				CLANG_WARN_NON_LITERAL_NULL_CONVERSION = YES;
				CLANG_WARN_OBJC_IMPLICIT_RETAIN_SELF = YES;
				CLANG_WARN_OBJC_LITERAL_CONVERSION = YES;
				CLANG_WARN_OBJC_ROOT_CLASS = YES_ERROR;
				CLANG_WARN_QUOTED_INCLUDE_IN_FRAMEWORK_HEADER = YES;
				CLANG_WARN_RANGE_LOOP_ANALYSIS = YES;
				CLANG_WARN_STRICT_PROTOTYPES = YES;
				CLANG_WARN_SUSPICIOUS_MOVE = YES;
				CLANG_WARN_UNGUARDED_AVAILABILITY = YES_AGGRESSIVE;
				CLANG_WARN_UNREACHABLE_CODE = YES;
				CLANG_WARN__DUPLICATE_METHOD_MATCH = YES;
				COPY_PHASE_STRIP = NO;
				DEBUG_INFORMATION_FORMAT = dwarf;
				ENABLE_STRICT_OBJC_MSGSEND = YES;
				ENABLE_TESTABILITY = YES;
				GCC_C_LANGUAGE_STANDARD = gnu11;
				GCC_DYNAMIC_NO_PIC = NO;
				GCC_NO_COMMON_BLOCKS = YES;
				GCC_OPTIMIZATION_LEVEL = 0;
				GCC_PREPROCESSOR_DEFINITIONS = (
					"DEBUG=1",
					"$(inherited)",
				);
				GCC_WARN_64_TO_32_BIT_CONVERSION = YES;
				GCC_WARN_ABOUT_RETURN_TYPE = YES_ERROR;
				GCC_WARN_UNDECLARED_SELECTOR = YES;
				GCC_WARN_UNINITIALIZED_AUTOS = YES_AGGRESSIVE;
				GCC_WARN_UNUSED_FUNCTION = YES;
				GCC_WARN_UNUSED_VARIABLE = YES;
				IPHONEOS_DEPLOYMENT_TARGET = 16.0;
				MTL_ENABLE_DEBUG_INFO = INCLUDE_SOURCE;
				MTL_FAST_MATH = YES;
				ONLY_ACTIVE_ARCH = YES;
				SDKROOT = iphoneos;
				SWIFT_ACTIVE_COMPILATION_CONDITIONS = DEBUG;
				SWIFT_OPTIMIZATION_LEVEL = "-Onone";
			};
			name = Debug;
		};
		AC4EB14428E19DA700D378D4 /* Release */ = {
			isa = XCBuildConfiguration;
			buildSettings = {
				ALWAYS_SEARCH_USER_PATHS = NO;
				CLANG_ANALYZER_NONNULL = YES;
				CLANG_ANALYZER_NUMBER_OBJECT_CONVERSION = YES_AGGRESSIVE;
				CLANG_CXX_LANGUAGE_STANDARD = "gnu++20";
				CLANG_ENABLE_MODULES = YES;
				CLANG_ENABLE_OBJC_ARC = YES;
				CLANG_ENABLE_OBJC_WEAK = YES;
				CLANG_WARN_BLOCK_CAPTURE_AUTORELEASING = YES;
				CLANG_WARN_BOOL_CONVERSION = YES;
				CLANG_WARN_COMMA = YES;
				CLANG_WARN_CONSTANT_CONVERSION = YES;
				CLANG_WARN_DEPRECATED_OBJC_IMPLEMENTATIONS = YES;
				CLANG_WARN_DIRECT_OBJC_ISA_USAGE = YES_ERROR;
				CLANG_WARN_DOCUMENTATION_COMMENTS = YES;
				CLANG_WARN_EMPTY_BODY = YES;
				CLANG_WARN_ENUM_CONVERSION = YES;
				CLANG_WARN_INFINITE_RECURSION = YES;
				CLANG_WARN_INT_CONVERSION = YES;
				CLANG_WARN_NON_LITERAL_NULL_CONVERSION = YES;
				CLANG_WARN_OBJC_IMPLICIT_RETAIN_SELF = YES;
				CLANG_WARN_OBJC_LITERAL_CONVERSION = YES;
				CLANG_WARN_OBJC_ROOT_CLASS = YES_ERROR;
				CLANG_WARN_QUOTED_INCLUDE_IN_FRAMEWORK_HEADER = YES;
				CLANG_WARN_RANGE_LOOP_ANALYSIS = YES;
				CLANG_WARN_STRICT_PROTOTYPES = YES;
				CLANG_WARN_SUSPICIOUS_MOVE = YES;
				CLANG_WARN_UNGUARDED_AVAILABILITY = YES_AGGRESSIVE;
				CLANG_WARN_UNREACHABLE_CODE = YES;
				CLANG_WARN__DUPLICATE_METHOD_MATCH = YES;
				COPY_PHASE_STRIP = NO;
				DEBUG_INFORMATION_FORMAT = "dwarf-with-dsym";
				ENABLE_NS_ASSERTIONS = NO;
				ENABLE_STRICT_OBJC_MSGSEND = YES;
				GCC_C_LANGUAGE_STANDARD = gnu11;
				GCC_NO_COMMON_BLOCKS = YES;
				GCC_WARN_64_TO_32_BIT_CONVERSION = YES;
				GCC_WARN_ABOUT_RETURN_TYPE = YES_ERROR;
				GCC_WARN_UNDECLARED_SELECTOR = YES;
				GCC_WARN_UNINITIALIZED_AUTOS = YES_AGGRESSIVE;
				GCC_WARN_UNUSED_FUNCTION = YES;
				GCC_WARN_UNUSED_VARIABLE = YES;
				IPHONEOS_DEPLOYMENT_TARGET = 16.0;
				MTL_ENABLE_DEBUG_INFO = NO;
				MTL_FAST_MATH = YES;
				SDKROOT = iphoneos;
				SWIFT_COMPILATION_MODE = wholemodule;
				SWIFT_OPTIMIZATION_LEVEL = "-O";
				VALIDATE_PRODUCT = YES;
			};
			name = Release;
		};
		AC4EB14628E19DA700D378D4 /* Debug */ = {
			isa = XCBuildConfiguration;
			buildSettings = {
				ASSETCATALOG_COMPILER_APPICON_NAME = AppIcon;
				ASSETCATALOG_COMPILER_GLOBAL_ACCENT_COLOR_NAME = AccentColor;
				CODE_SIGN_STYLE = Automatic;
				CURRENT_PROJECT_VERSION = 1;
				DEVELOPMENT_ASSET_PATHS = "\"PlacesonMapFromJson/Preview Content\"";
				DEVELOPMENT_TEAM = 3WL53CAG23;
				ENABLE_PREVIEWS = YES;
				GENERATE_INFOPLIST_FILE = YES;
				INFOPLIST_KEY_UIApplicationSceneManifest_Generation = YES;
				INFOPLIST_KEY_UIApplicationSupportsIndirectInputEvents = YES;
				INFOPLIST_KEY_UILaunchScreen_Generation = YES;
				INFOPLIST_KEY_UISupportedInterfaceOrientations_iPad = "UIInterfaceOrientationPortrait UIInterfaceOrientationPortraitUpsideDown UIInterfaceOrientationLandscapeLeft UIInterfaceOrientationLandscapeRight";
				INFOPLIST_KEY_UISupportedInterfaceOrientations_iPhone = "UIInterfaceOrientationPortrait UIInterfaceOrientationLandscapeLeft UIInterfaceOrientationLandscapeRight";
				LD_RUNPATH_SEARCH_PATHS = (
					"$(inherited)",
					"@executable_path/Frameworks",
				);
				MARKETING_VERSION = 1.0;
				PRODUCT_BUNDLE_IDENTIFIER = Nat.PlacesonMapFromJson;
				PRODUCT_NAME = "$(TARGET_NAME)";
				SWIFT_EMIT_LOC_STRINGS = YES;
				SWIFT_VERSION = 5.0;
				TARGETED_DEVICE_FAMILY = "1,2";
			};
			name = Debug;
		};
		AC4EB14728E19DA700D378D4 /* Release */ = {
			isa = XCBuildConfiguration;
			buildSettings = {
				ASSETCATALOG_COMPILER_APPICON_NAME = AppIcon;
				ASSETCATALOG_COMPILER_GLOBAL_ACCENT_COLOR_NAME = AccentColor;
				CODE_SIGN_STYLE = Automatic;
				CURRENT_PROJECT_VERSION = 1;
				DEVELOPMENT_ASSET_PATHS = "\"PlacesonMapFromJson/Preview Content\"";
				DEVELOPMENT_TEAM = 3WL53CAG23;
				ENABLE_PREVIEWS = YES;
				GENERATE_INFOPLIST_FILE = YES;
				INFOPLIST_KEY_UIApplicationSceneManifest_Generation = YES;
				INFOPLIST_KEY_UIApplicationSupportsIndirectInputEvents = YES;
				INFOPLIST_KEY_UILaunchScreen_Generation = YES;
				INFOPLIST_KEY_UISupportedInterfaceOrientations_iPad = "UIInterfaceOrientationPortrait UIInterfaceOrientationPortraitUpsideDown UIInterfaceOrientationLandscapeLeft UIInterfaceOrientationLandscapeRight";
				INFOPLIST_KEY_UISupportedInterfaceOrientations_iPhone = "UIInterfaceOrientationPortrait UIInterfaceOrientationLandscapeLeft UIInterfaceOrientationLandscapeRight";
				LD_RUNPATH_SEARCH_PATHS = (
					"$(inherited)",
					"@executable_path/Frameworks",
				);
				MARKETING_VERSION = 1.0;
				PRODUCT_BUNDLE_IDENTIFIER = Nat.PlacesonMapFromJson;
				PRODUCT_NAME = "$(TARGET_NAME)";
				SWIFT_EMIT_LOC_STRINGS = YES;
				SWIFT_VERSION = 5.0;
				TARGETED_DEVICE_FAMILY = "1,2";
			};
			name = Release;
		};
		AC4EB14928E19DA700D378D4 /* Debug */ = {
			isa = XCBuildConfiguration;
			buildSettings = {
				ALWAYS_EMBED_SWIFT_STANDARD_LIBRARIES = YES;
				BUNDLE_LOADER = "$(TEST_HOST)";
				CODE_SIGN_STYLE = Automatic;
				CURRENT_PROJECT_VERSION = 1;
				DEVELOPMENT_TEAM = 3WL53CAG23;
				GENERATE_INFOPLIST_FILE = YES;
				IPHONEOS_DEPLOYMENT_TARGET = 16.0;
				MARKETING_VERSION = 1.0;
				PRODUCT_BUNDLE_IDENTIFIER = Nat.PlacesonMapFromJsonTests;
				PRODUCT_NAME = "$(TARGET_NAME)";
				SWIFT_EMIT_LOC_STRINGS = NO;
				SWIFT_VERSION = 5.0;
				TARGETED_DEVICE_FAMILY = "1,2";
				TEST_HOST = "$(BUILT_PRODUCTS_DIR)/PlacesonMapFromJson.app/$(BUNDLE_EXECUTABLE_FOLDER_PATH)/PlacesonMapFromJson";
			};
			name = Debug;
		};
		AC4EB14A28E19DA700D378D4 /* Release */ = {
			isa = XCBuildConfiguration;
			buildSettings = {
				ALWAYS_EMBED_SWIFT_STANDARD_LIBRARIES = YES;
				BUNDLE_LOADER = "$(TEST_HOST)";
				CODE_SIGN_STYLE = Automatic;
				CURRENT_PROJECT_VERSION = 1;
				DEVELOPMENT_TEAM = 3WL53CAG23;
				GENERATE_INFOPLIST_FILE = YES;
				IPHONEOS_DEPLOYMENT_TARGET = 16.0;
				MARKETING_VERSION = 1.0;
				PRODUCT_BUNDLE_IDENTIFIER = Nat.PlacesonMapFromJsonTests;
				PRODUCT_NAME = "$(TARGET_NAME)";
				SWIFT_EMIT_LOC_STRINGS = NO;
				SWIFT_VERSION = 5.0;
				TARGETED_DEVICE_FAMILY = "1,2";
				TEST_HOST = "$(BUILT_PRODUCTS_DIR)/PlacesonMapFromJson.app/$(BUNDLE_EXECUTABLE_FOLDER_PATH)/PlacesonMapFromJson";
			};
			name = Release;
		};
		AC4EB14C28E19DA700D378D4 /* Debug */ = {
			isa = XCBuildConfiguration;
			buildSettings = {
				ALWAYS_EMBED_SWIFT_STANDARD_LIBRARIES = YES;
				CODE_SIGN_STYLE = Automatic;
				CURRENT_PROJECT_VERSION = 1;
				DEVELOPMENT_TEAM = 3WL53CAG23;
				GENERATE_INFOPLIST_FILE = YES;
				MARKETING_VERSION = 1.0;
				PRODUCT_BUNDLE_IDENTIFIER = Nat.PlacesonMapFromJsonUITests;
				PRODUCT_NAME = "$(TARGET_NAME)";
				SWIFT_EMIT_LOC_STRINGS = NO;
				SWIFT_VERSION = 5.0;
				TARGETED_DEVICE_FAMILY = "1,2";
				TEST_TARGET_NAME = PlacesonMapFromJson;
			};
			name = Debug;
		};
		AC4EB14D28E19DA700D378D4 /* Release */ = {
			isa = XCBuildConfiguration;
			buildSettings = {
				ALWAYS_EMBED_SWIFT_STANDARD_LIBRARIES = YES;
				CODE_SIGN_STYLE = Automatic;
				CURRENT_PROJECT_VERSION = 1;
				DEVELOPMENT_TEAM = 3WL53CAG23;
				GENERATE_INFOPLIST_FILE = YES;
				MARKETING_VERSION = 1.0;
				PRODUCT_BUNDLE_IDENTIFIER = Nat.PlacesonMapFromJsonUITests;
				PRODUCT_NAME = "$(TARGET_NAME)";
				SWIFT_EMIT_LOC_STRINGS = NO;
				SWIFT_VERSION = 5.0;
				TARGETED_DEVICE_FAMILY = "1,2";
				TEST_TARGET_NAME = PlacesonMapFromJson;
			};
			name = Release;
		};
/* End XCBuildConfiguration section */

/* Begin XCConfigurationList section */
		AC4EB11C28E19DA500D378D4 /* Build configuration list for PBXProject "PlacesonMapFromJson" */ = {
			isa = XCConfigurationList;
			buildConfigurations = (
				AC4EB14328E19DA700D378D4 /* Debug */,
				AC4EB14428E19DA700D378D4 /* Release */,
			);
			defaultConfigurationIsVisible = 0;
			defaultConfigurationName = Release;
		};
		AC4EB14528E19DA700D378D4 /* Build configuration list for PBXNativeTarget "PlacesonMapFromJson" */ = {
			isa = XCConfigurationList;
			buildConfigurations = (
				AC4EB14628E19DA700D378D4 /* Debug */,
				AC4EB14728E19DA700D378D4 /* Release */,
			);
			defaultConfigurationIsVisible = 0;
			defaultConfigurationName = Release;
		};
		AC4EB14828E19DA700D378D4 /* Build configuration list for PBXNativeTarget "PlacesonMapFromJsonTests" */ = {
			isa = XCConfigurationList;
			buildConfigurations = (
				AC4EB14928E19DA700D378D4 /* Debug */,
				AC4EB14A28E19DA700D378D4 /* Release */,
			);
			defaultConfigurationIsVisible = 0;
			defaultConfigurationName = Release;
		};
		AC4EB14B28E19DA700D378D4 /* Build configuration list for PBXNativeTarget "PlacesonMapFromJsonUITests" */ = {
			isa = XCConfigurationList;
			buildConfigurations = (
				AC4EB14C28E19DA700D378D4 /* Debug */,
				AC4EB14D28E19DA700D378D4 /* Release */,
			);
			defaultConfigurationIsVisible = 0;
			defaultConfigurationName = Release;
		};
/* End XCConfigurationList section */
	};
	rootObject = AC4EB11928E19DA500D378D4 /* Project object */;
}
